
Microsoft Visual Studio Solution File, Format Version 12.00
# Visual Studio Version 16
VisualStudioVersion = 16.0.31321.278
MinimumVisualStudioVersion = 10.0.40219.1
Project("{FAE04EC0-301F-11D3-BF4B-00C04F79EFBC}") = "WindowsFormsApp3", "WindowsFormsApp3\WindowsFormsApp3.csproj", "{6CA1ECF1-5F5A-4404-A78A-A8BEFDF3C6C1}"
EndProject
Global
	GlobalSection(SolutionConfigurationPlatforms) = preSolution
		Debug|Any CPU = Debug|Any CPU
		Release|Any CPU = Release|Any CPU
	EndGlobalSection
	GlobalSection(ProjectConfigurationPlatforms) = postSolution
		{6CA1ECF1-5F5A-4404-A78A-A8BEFDF3C6C1}.Debug|Any CPU.ActiveCfg = Debug|Any CPU
		{6CA1ECF1-5F5A-4404-A78A-A8BEFDF3C6C1}.Debug|Any CPU.Build.0 = Debug|Any CPU
		{6CA1ECF1-5F5A-4404-A78A-A8BEFDF3C6C1}.Release|Any CPU.ActiveCfg = Release|Any CPU
		{6CA1ECF1-5F5A-4404-A78A-A8BEFDF3C6C1}.Release|Any CPU.Build.0 = Release|Any CPU
	EndGlobalSection
	GlobalSection(SolutionProperties) = preSolution
		HideSolutionNode = FALSE
	EndGlobalSection
	GlobalSection(ExtensibilityGlobals) = postSolution
		SolutionGuid = {5E246248-D0D0-4412-B420-8195038E95ED}
	EndGlobalSection
EndGlobal
